github.com/brianvoe/gofakeit/v6 v6.22.0 h1:BzOsDot1o3cufTfOk+fWKE9nFYojyDV+XHdCWL2+uyE=
github.com/brianvoe/gofakeit/v6 v6.22.0/go.mod h1:Ow6qC71xtwm79anlwKRlWZW6zVq9D2XHE4QSSMP/rU8=
github.com/google/go-cmp v0.5.9 h1:O2Tfq5qg4qc4AmwVlvv0oLiVAGB7enBSJ2x2DqQFi38=
github.com/lib/pq v1.10.9 h1:YXG7RB+JIjhP29X+OtkiDnYaXQwpS4JEWq7dtCCRUEw=
github.com/lib/pq v1.10.9/go.mod h1:AlVN5x4E4T544tWzH6hKfbfQvm3HdbOxrmggDNAPY9o=
github.com/lll-lll-lll-lll/mifer v0.1.2 h1:9AsBbJ2Lj2KCmQKKg/0rqw/4Ug2xR7oXKORR3Q1kQt8=
github.com/lll-lll-lll-lll/mifer v0.1.2/go.mod h1:vmVdr33RpVpKWbss0DZzUrdxMnR4W7fGLBde82Oh7IQ=
github.com/pkg/errors v0.9.1 h1:FEBLx1zS214owpjy7qsBeixbURkuhQAwrK5UwLGTwt4=
gotest.tools v2.2.0+incompatible h1:VsBPFP1AI068pPrMxtb/S8Zkgf9xEmTLJjfM+P5UIEo=
